# THIS IS AN AUTOGENERATED FILE. DO NOT EDIT THIS FILE DIRECTLY.
# yarn lockfile v1


match-map@^1.0.3:
  version "1.0.3"
  resolved "https://registry.yarnpkg.com/match-map/-/match-map-1.0.3.tgz#583b895bbcc084476de42e187d1f5a9d123b93c1"
  integrity sha512-dbByg+5GrrY6OUj7kXcF24uX8HPL76NZxavZBUzDM8fhyy7/BKRiHw9tiGBrCdi0kNfaUQPOldGNiDlhVdUqRA==
